
Microsoft Visual Studio Solution File, Format Version 12.00
# Visual Studio Version 17
VisualStudioVersion = 17.5.33424.131
MinimumVisualStudioVersion = 10.0.40219.1
Project("{FAE04EC0-301F-11D3-BF4B-00C04F79EFBC}") = "DigitalBookStore", "DigitalBookStore\DigitalBookStore.csproj", "{D441ECBD-4234-42C9-ACE6-1247B48BD71B}"
EndProject
Global
	GlobalSection(SolutionConfigurationPlatforms) = preSolution
		Debug|Any CPU = Debug|Any CPU
		Release|Any CPU = Release|Any CPU
	EndGlobalSection
	GlobalSection(ProjectConfigurationPlatforms) = postSolution
		{D441ECBD-4234-42C9-ACE6-1247B48BD71B}.Debug|Any CPU.ActiveCfg = Debug|Any CPU
		{D441ECBD-4234-42C9-ACE6-1247B48BD71B}.Debug|Any CPU.Build.0 = Debug|Any CPU
		{D441ECBD-4234-42C9-ACE6-1247B48BD71B}.Release|Any CPU.ActiveCfg = Release|Any CPU
		{D441ECBD-4234-42C9-ACE6-1247B48BD71B}.Release|Any CPU.Build.0 = Release|Any CPU
	EndGlobalSection
	GlobalSection(SolutionProperties) = preSolution
		HideSolutionNode = FALSE
	EndGlobalSection
	GlobalSection(ExtensibilityGlobals) = postSolution
		SolutionGuid = {AA0143DF-DCF9-4C14-9160-51DC26B68DE3}
	EndGlobalSection
EndGlobal
